
Microsoft Visual Studio Solution File, Format Version 12.00
# Visual Studio Version 16
VisualStudioVersion = 16.0.30709.64
MinimumVisualStudioVersion = 10.0.40219.1
Project("{FAE04EC0-301F-11D3-BF4B-00C04F79EFBC}") = "GamePassFilter", "GamePassFilter\GamePassFilter.csproj", "{72524DDB-E7BD-4755-B3B0-F3603D21E2A2}"
EndProject
Global
	GlobalSection(SolutionConfigurationPlatforms) = preSolution
		Debug|Any CPU = Debug|Any CPU
		Release|Any CPU = Release|Any CPU
	EndGlobalSection
	GlobalSection(ProjectConfigurationPlatforms) = postSolution
		{72524DDB-E7BD-4755-B3B0-F3603D21E2A2}.Debug|Any CPU.ActiveCfg = Debug|Any CPU
		{72524DDB-E7BD-4755-B3B0-F3603D21E2A2}.Debug|Any CPU.Build.0 = Debug|Any CPU
		{72524DDB-E7BD-4755-B3B0-F3603D21E2A2}.Release|Any CPU.ActiveCfg = Release|Any CPU
		{72524DDB-E7BD-4755-B3B0-F3603D21E2A2}.Release|Any CPU.Build.0 = Release|Any CPU
	EndGlobalSection
	GlobalSection(SolutionProperties) = preSolution
		HideSolutionNode = FALSE
	EndGlobalSection
	GlobalSection(ExtensibilityGlobals) = postSolution
		SolutionGuid = {7264FC5D-E374-447B-82C2-2ED97DBD33D6}
	EndGlobalSection
EndGlobal
